
Microsoft Visual Studio Solution File, Format Version 12.00
# Visual Studio Version 16
VisualStudioVersion = 16.0.29519.181
MinimumVisualStudioVersion = 10.0.40219.1
Project("{FAE04EC0-301F-11D3-BF4B-00C04F79EFBC}") = "PassControl", "PassControl\PassControl.csproj", "{9B8C65FF-434C-4C7D-B954-B0A5BB514284}"
EndProject
Project("{FAE04EC0-301F-11D3-BF4B-00C04F79EFBC}") = "PassControl.test", "PassControl.test\PassControl.test.csproj", "{12D32039-F946-47F4-A656-970CFEA16B3D}"
EndProject
Project("{FAE04EC0-301F-11D3-BF4B-00C04F79EFBC}") = "PassControlLibrary", "PassControlLibrary\PassControlLibrary.csproj", "{DEA3B7C5-3D36-4ABD-969E-95FB2F5A8D86}"
EndProject
Global
	GlobalSection(SolutionConfigurationPlatforms) = preSolution
		Debug|Any CPU = Debug|Any CPU
		Release|Any CPU = Release|Any CPU
	EndGlobalSection
	GlobalSection(ProjectConfigurationPlatforms) = postSolution
		{9B8C65FF-434C-4C7D-B954-B0A5BB514284}.Debug|Any CPU.ActiveCfg = Debug|Any CPU
		{9B8C65FF-434C-4C7D-B954-B0A5BB514284}.Debug|Any CPU.Build.0 = Debug|Any CPU
		{9B8C65FF-434C-4C7D-B954-B0A5BB514284}.Release|Any CPU.ActiveCfg = Release|Any CPU
		{9B8C65FF-434C-4C7D-B954-B0A5BB514284}.Release|Any CPU.Build.0 = Release|Any CPU
		{12D32039-F946-47F4-A656-970CFEA16B3D}.Debug|Any CPU.ActiveCfg = Debug|Any CPU
		{12D32039-F946-47F4-A656-970CFEA16B3D}.Debug|Any CPU.Build.0 = Debug|Any CPU
		{12D32039-F946-47F4-A656-970CFEA16B3D}.Release|Any CPU.ActiveCfg = Release|Any CPU
		{12D32039-F946-47F4-A656-970CFEA16B3D}.Release|Any CPU.Build.0 = Release|Any CPU
		{DEA3B7C5-3D36-4ABD-969E-95FB2F5A8D86}.Debug|Any CPU.ActiveCfg = Debug|Any CPU
		{DEA3B7C5-3D36-4ABD-969E-95FB2F5A8D86}.Debug|Any CPU.Build.0 = Debug|Any CPU
		{DEA3B7C5-3D36-4ABD-969E-95FB2F5A8D86}.Release|Any CPU.ActiveCfg = Release|Any CPU
		{DEA3B7C5-3D36-4ABD-969E-95FB2F5A8D86}.Release|Any CPU.Build.0 = Release|Any CPU
	EndGlobalSection
	GlobalSection(SolutionProperties) = preSolution
		HideSolutionNode = FALSE
	EndGlobalSection
	GlobalSection(ExtensibilityGlobals) = postSolution
		SolutionGuid = {A9E2CC77-121C-462B-B925-06B1145925CF}
	EndGlobalSection
EndGlobal
